
Microsoft Visual Studio Solution File, Format Version 12.00
# Visual Studio Version 17
VisualStudioVersion = 17.7.34031.279
MinimumVisualStudioVersion = 10.0.40219.1
Project("{8BC9CEB8-8B4A-11D0-8D11-00A0C91BC942}") = "GDGRAP_Intro", "GDGRAP_Intro.vcxproj", "{D11F97B9-53CC-4656-92AE-0CA0C3189EFC}"
EndProject
Global
	GlobalSection(SolutionConfigurationPlatforms) = preSolution
		Debug|x64 = Debug|x64
		Debug|x86 = Debug|x86
		Release|x64 = Release|x64
		Release|x86 = Release|x86
	EndGlobalSection
	GlobalSection(ProjectConfigurationPlatforms) = postSolution
		{D11F97B9-53CC-4656-92AE-0CA0C3189EFC}.Debug|x64.ActiveCfg = Debug|x64
		{D11F97B9-53CC-4656-92AE-0CA0C3189EFC}.Debug|x64.Build.0 = Debug|x64
		{D11F97B9-53CC-4656-92AE-0CA0C3189EFC}.Debug|x86.ActiveCfg = Debug|Win32
		{D11F97B9-53CC-4656-92AE-0CA0C3189EFC}.Debug|x86.Build.0 = Debug|Win32
		{D11F97B9-53CC-4656-92AE-0CA0C3189EFC}.Release|x64.ActiveCfg = Release|x64
		{D11F97B9-53CC-4656-92AE-0CA0C3189EFC}.Release|x64.Build.0 = Release|x64
		{D11F97B9-53CC-4656-92AE-0CA0C3189EFC}.Release|x86.ActiveCfg = Release|Win32
		{D11F97B9-53CC-4656-92AE-0CA0C3189EFC}.Release|x86.Build.0 = Release|Win32
	EndGlobalSection
	GlobalSection(SolutionProperties) = preSolution
		HideSolutionNode = FALSE
	EndGlobalSection
	GlobalSection(ExtensibilityGlobals) = postSolution
		SolutionGuid = {3F8ECAFA-F62A-4949-94B1-037737BC8086}
	EndGlobalSection
EndGlobal
